
Microsoft Visual Studio Solution File, Format Version 12.00
# Visual Studio Version 17
VisualStudioVersion = 17.14.36414.22 d17.14
MinimumVisualStudioVersion = 10.0.40219.1
Project("{FAE04EC0-301F-11D3-BF4B-00C04F79EFBC}") = "Chap13_q1", "Chap13_q1\Chap13_q1.csproj", "{7D59F77F-1BE0-4266-A0A0-E800BE7FC03F}"
EndProject
Project("{FAE04EC0-301F-11D3-BF4B-00C04F79EFBC}") = "Chap13_q2", "Chap13_q2\Chap13_q2.csproj", "{AD7AB355-94A5-4EC8-8EA3-C42933B0FDC4}"
EndProject
Global
	GlobalSection(SolutionConfigurationPlatforms) = preSolution
		Debug|Any CPU = Debug|Any CPU
		Release|Any CPU = Release|Any CPU
	EndGlobalSection
	GlobalSection(ProjectConfigurationPlatforms) = postSolution
		{7D59F77F-1BE0-4266-A0A0-E800BE7FC03F}.Debug|Any CPU.ActiveCfg = Debug|Any CPU
		{7D59F77F-1BE0-4266-A0A0-E800BE7FC03F}.Debug|Any CPU.Build.0 = Debug|Any CPU
		{7D59F77F-1BE0-4266-A0A0-E800BE7FC03F}.Release|Any CPU.ActiveCfg = Release|Any CPU
		{7D59F77F-1BE0-4266-A0A0-E800BE7FC03F}.Release|Any CPU.Build.0 = Release|Any CPU
		{AD7AB355-94A5-4EC8-8EA3-C42933B0FDC4}.Debug|Any CPU.ActiveCfg = Debug|Any CPU
		{AD7AB355-94A5-4EC8-8EA3-C42933B0FDC4}.Debug|Any CPU.Build.0 = Debug|Any CPU
		{AD7AB355-94A5-4EC8-8EA3-C42933B0FDC4}.Release|Any CPU.ActiveCfg = Release|Any CPU
		{AD7AB355-94A5-4EC8-8EA3-C42933B0FDC4}.Release|Any CPU.Build.0 = Release|Any CPU
	EndGlobalSection
	GlobalSection(SolutionProperties) = preSolution
		HideSolutionNode = FALSE
	EndGlobalSection
	GlobalSection(ExtensibilityGlobals) = postSolution
		SolutionGuid = {CF4D378D-0E19-45DD-B188-C37A3F59FDB8}
	EndGlobalSection
EndGlobal
