
Microsoft Visual Studio Solution File, Format Version 12.00
# Visual Studio Version 17
VisualStudioVersion = 17.14.36414.22
MinimumVisualStudioVersion = 10.0.40219.1
Project("{FAE04EC0-301F-11D3-BF4B-00C04F79EFBC}") = "Chap16_q1", "Chap16_q1\Chap16_q1.csproj", "{79B72DFF-6B95-42F6-979E-07E0CFCED322}"
EndProject
Project("{FAE04EC0-301F-11D3-BF4B-00C04F79EFBC}") = "Chap16_q2", "Chap16_q2\Chap16_q2.csproj", "{AED0815F-D560-406A-9FD8-A3C5604F8967}"
EndProject
Global
	GlobalSection(SolutionConfigurationPlatforms) = preSolution
		Debug|Any CPU = Debug|Any CPU
		Release|Any CPU = Release|Any CPU
	EndGlobalSection
	GlobalSection(ProjectConfigurationPlatforms) = postSolution
		{79B72DFF-6B95-42F6-979E-07E0CFCED322}.Debug|Any CPU.ActiveCfg = Debug|Any CPU
		{79B72DFF-6B95-42F6-979E-07E0CFCED322}.Debug|Any CPU.Build.0 = Debug|Any CPU
		{79B72DFF-6B95-42F6-979E-07E0CFCED322}.Release|Any CPU.ActiveCfg = Release|Any CPU
		{79B72DFF-6B95-42F6-979E-07E0CFCED322}.Release|Any CPU.Build.0 = Release|Any CPU
		{AED0815F-D560-406A-9FD8-A3C5604F8967}.Debug|Any CPU.ActiveCfg = Debug|Any CPU
		{AED0815F-D560-406A-9FD8-A3C5604F8967}.Debug|Any CPU.Build.0 = Debug|Any CPU
		{AED0815F-D560-406A-9FD8-A3C5604F8967}.Release|Any CPU.ActiveCfg = Release|Any CPU
		{AED0815F-D560-406A-9FD8-A3C5604F8967}.Release|Any CPU.Build.0 = Release|Any CPU
	EndGlobalSection
	GlobalSection(SolutionProperties) = preSolution
		HideSolutionNode = FALSE
	EndGlobalSection
	GlobalSection(ExtensibilityGlobals) = postSolution
		SolutionGuid = {F33331C6-B57C-4F38-823B-95FE953F79DE}
	EndGlobalSection
EndGlobal
